{
  "version": 4,
  "terraform_version": "1.9.6",
  "serial": 372,
  "lineage": "b1ab148d-8c98-531a-86f3-4e065c7b5ff6",
  "outputs": {
    "avantia-prd-vpc-network": {
      "value": "https://www.googleapis.com/compute/v1/projects/dt-sandbox-host-proj/global/networks/infra-prd",
      "type": "string"
    },
    "avantia-vpc-network": {
      "value": "https://www.googleapis.com/compute/v1/projects/dt-sandbox-host-proj/global/networks/infra-dev",
      "type": "string"
    },
    "subnet_avantia_weava_pri": {
      "value": "https://www.googleapis.com/compute/v1/projects/dt-sandbox-host-proj/regions/us-central1/subnetworks/avantia-infr-prod-gke-wecloud-cluster-pri-us-ce1-a-1",
      "type": "string"
    }
  },
  "resources": [
    {
      "mode": "managed",
      "type": "google_compute_network",
      "name": "vpc_network_avantia_dev",
      "provider": "provider[\"registry.terraform.io/hashicorp/google\"]",
      "instances": [
        {
          "schema_version": 0,
          "attributes": {
            "auto_create_subnetworks": false,
            "delete_default_routes_on_create": false,
            "description": "",
            "enable_ula_internal_ipv6": false,
            "gateway_ipv4": "",
            "id": "projects/dt-sandbox-host-proj/global/networks/infra-dev",
            "internal_ipv6_range": "",
            "mtu": 0,
            "name": "infra-dev",
            "network_firewall_policy_enforcement_order": "AFTER_CLASSIC_FIREWALL",
            "numeric_id": "5781672294503625561",
            "project": "dt-sandbox-host-proj",
            "routing_mode": "GLOBAL",
            "self_link": "https://www.googleapis.com/compute/v1/projects/dt-sandbox-host-proj/global/networks/infra-dev",
            "timeouts": null
          },
          "sensitive_attributes": [],
          "private": "eyJlMmJmYjczMC1lY2FhLTExZTYtOGY4OC0zNDM2M2JjN2M0YzAiOnsiY3JlYXRlIjoxMjAwMDAwMDAwMDAwLCJkZWxldGUiOjEyMDAwMDAwMDAwMDAsInVwZGF0ZSI6MTIwMDAwMDAwMDAwMH19"
        }
      ]
    },
    {
      "mode": "managed",
      "type": "google_compute_network",
      "name": "vpc_network_avantia_prd",
      "provider": "provider[\"registry.terraform.io/hashicorp/google\"]",
      "instances": [
        {
          "schema_version": 0,
          "attributes": {
            "auto_create_subnetworks": false,
            "delete_default_routes_on_create": false,
            "description": "",
            "enable_ula_internal_ipv6": false,
            "gateway_ipv4": "",
            "id": "projects/dt-sandbox-host-proj/global/networks/infra-prd",
            "internal_ipv6_range": "",
            "mtu": 0,
            "name": "infra-prd",
            "network_firewall_policy_enforcement_order": "AFTER_CLASSIC_FIREWALL",
            "numeric_id": "5845712584759259993",
            "project": "dt-sandbox-host-proj",
            "routing_mode": "GLOBAL",
            "self_link": "https://www.googleapis.com/compute/v1/projects/dt-sandbox-host-proj/global/networks/infra-prd",
            "timeouts": null
          },
          "sensitive_attributes": [],
          "private": "eyJlMmJmYjczMC1lY2FhLTExZTYtOGY4OC0zNDM2M2JjN2M0YzAiOnsiY3JlYXRlIjoxMjAwMDAwMDAwMDAwLCJkZWxldGUiOjEyMDAwMDAwMDAwMDAsInVwZGF0ZSI6MTIwMDAwMDAwMDAwMH19"
        }
      ]
    },
    {
      "mode": "managed",
      "type": "google_compute_shared_vpc_host_project",
      "name": "shared_vpc_host_project",
      "provider": "provider[\"registry.terraform.io/hashicorp/google\"]",
      "instances": [
        {
          "schema_version": 0,
          "attributes": {
            "id": "dt-sandbox-host-proj",
            "project": "dt-sandbox-host-proj",
            "timeouts": null
          },
          "sensitive_attributes": [],
          "private": "eyJlMmJmYjczMC1lY2FhLTExZTYtOGY4OC0zNDM2M2JjN2M0YzAiOnsiY3JlYXRlIjoyNDAwMDAwMDAwMDAsImRlbGV0ZSI6MjQwMDAwMDAwMDAwfX0="
        }
      ]
    },
    {
      "mode": "managed",
      "type": "google_compute_shared_vpc_service_project",
      "name": "service_project_dev",
      "provider": "provider[\"registry.terraform.io/hashicorp/google\"]",
      "instances": [
        {
          "schema_version": 0,
          "attributes": {
            "deletion_policy": null,
            "host_project": "dt-sandbox-host-proj",
            "id": "dt-sandbox-host-proj/dt-sandbox-service-proj",
            "service_project": "dt-sandbox-service-proj",
            "timeouts": null
          },
          "sensitive_attributes": [],
          "private": "eyJlMmJmYjczMC1lY2FhLTExZTYtOGY4OC0zNDM2M2JjN2M0YzAiOnsiY3JlYXRlIjoyNDAwMDAwMDAwMDAsImRlbGV0ZSI6MjQwMDAwMDAwMDAwfX0=",
          "dependencies": [
            "google_compute_network.vpc_network_avantia_dev",
            "google_compute_shared_vpc_host_project.shared_vpc_host_project"
          ]
        }
      ]
    },
    {
      "mode": "managed",
      "type": "google_compute_subnetwork",
      "name": "subnet_avantia_weava_pri",
      "provider": "provider[\"registry.terraform.io/hashicorp/google\"]",
      "instances": [
        {
          "schema_version": 0,
          "attributes": {
            "creation_timestamp": "2024-11-14T15:54:43.732-08:00",
            "description": "",
            "external_ipv6_prefix": "",
            "fingerprint": null,
            "gateway_address": "10.242.0.1",
            "id": "projects/dt-sandbox-host-proj/regions/us-central1/subnetworks/avantia-infr-prod-gke-wecloud-cluster-pri-us-ce1-a-1",
            "internal_ipv6_prefix": "",
            "ip_cidr_range": "10.242.0.0/22",
            "ipv6_access_type": "",
            "ipv6_cidr_range": "",
            "log_config": [],
            "name": "avantia-infr-prod-gke-wecloud-cluster-pri-us-ce1-a-1",
            "network": "https://www.googleapis.com/compute/v1/projects/dt-sandbox-host-proj/global/networks/infra-dev",
            "private_ip_google_access": false,
            "private_ipv6_google_access": "DISABLE_GOOGLE_ACCESS",
            "project": "dt-sandbox-host-proj",
            "purpose": "PRIVATE",
            "region": "us-central1",
            "role": "",
            "secondary_ip_range": [
              {
                "ip_cidr_range": "10.242.4.0/22",
                "range_name": "pods-range"
              },
              {
                "ip_cidr_range": "10.242.8.0/21",
                "range_name": "services-range"
              },
              {
                "ip_cidr_range": "10.242.32.0/19",
                "range_name": "wecloud-box-pods-range"
              },
              {
                "ip_cidr_range": "10.242.16.0/21",
                "range_name": "weava-pods-range"
              },
              {
                "ip_cidr_range": "10.242.28.0/22",
                "range_name": "wecloud-classifiers-pods-range"
              },
              {
                "ip_cidr_range": "10.242.24.0/22",
                "range_name": "wecloud-app-pods-range"
              }
            ],
            "self_link": "https://www.googleapis.com/compute/v1/projects/dt-sandbox-host-proj/regions/us-central1/subnetworks/avantia-infr-prod-gke-wecloud-cluster-pri-us-ce1-a-1",
            "send_secondary_ip_range_if_empty": null,
            "stack_type": "IPV4_ONLY",
            "timeouts": null
          },
          "sensitive_attributes": [],
          "private": "eyJlMmJmYjczMC1lY2FhLTExZTYtOGY4OC0zNDM2M2JjN2M0YzAiOnsiY3JlYXRlIjoxMjAwMDAwMDAwMDAwLCJkZWxldGUiOjEyMDAwMDAwMDAwMDAsInVwZGF0ZSI6MTIwMDAwMDAwMDAwMH19",
          "dependencies": [
            "google_compute_network.vpc_network_avantia_dev"
          ]
        }
      ]
    },
    {
      "mode": "managed",
      "type": "google_container_cluster",
      "name": "avantia_pri_dev_gke",
      "provider": "provider[\"registry.terraform.io/hashicorp/google\"]",
      "instances": [
        {
          "status": "tainted",
          "schema_version": 2,
          "attributes": {
            "addons_config": null,
            "allow_net_admin": null,
            "authenticator_groups_config": null,
            "binary_authorization": [],
            "cluster_autoscaling": null,
            "cluster_ipv4_cidr": null,
            "confidential_nodes": null,
            "cost_management_config": null,
            "database_encryption": null,
            "datapath_provider": null,
            "default_max_pods_per_node": null,
            "default_snat_status": null,
            "deletion_protection": false,
            "description": null,
            "dns_config": [],
            "enable_autopilot": null,
            "enable_cilium_clusterwide_network_policy": false,
            "enable_intranode_visibility": null,
            "enable_k8s_beta_apis": [],
            "enable_kubernetes_alpha": false,
            "enable_l4_ilb_subsetting": true,
            "enable_legacy_abac": false,
            "enable_multi_networking": false,
            "enable_shielded_nodes": true,
            "enable_tpu": null,
            "endpoint": null,
            "fleet": [],
            "gateway_api_config": null,
            "id": "projects/dt-sandbox-service-proj/locations/us-central1-a/clusters/avantia-private-cluster-dev",
            "identity_service_config": null,
            "initial_node_count": 1,
            "ip_allocation_policy": [
              {
                "additional_pod_ranges_config": [],
                "cluster_ipv4_cidr_block": "",
                "cluster_secondary_range_name": "services-range",
                "pod_cidr_overprovision_config": [],
                "services_ipv4_cidr_block": "",
                "services_secondary_range_name": "pods-range",
                "stack_type": "IPV4"
              }
            ],
            "label_fingerprint": null,
            "location": "us-central1-a",
            "logging_config": null,
            "logging_service": null,
            "maintenance_policy": [],
            "master_auth": null,
            "master_authorized_networks_config": [
              {
                "cidr_blocks": [
                  {
                    "cidr_block": "10.242.0.0/17",
                    "display_name": "subnet_gke_avanuv_pri_name"
                  }
                ],
                "gcp_public_cidrs_access_enabled": false
              }
            ],
            "master_version": null,
            "mesh_certificates": null,
            "min_master_version": null,
            "monitoring_config": null,
            "monitoring_service": null,
            "name": "avantia-private-cluster-dev",
            "network": "https://www.googleapis.com/compute/v1/projects/dt-sandbox-host-proj/global/networks/infra-dev",
            "network_policy": [],
            "networking_mode": "VPC_NATIVE",
            "node_config": [
              {
                "advanced_machine_features": [],
                "boot_disk_kms_key": "",
                "confidential_nodes": [],
                "containerd_config": [],
                "disk_size_gb": 0,
                "disk_type": "",
                "effective_taints": [],
                "enable_confidential_storage": false,
                "ephemeral_storage_local_ssd_config": [],
                "fast_socket": [],
                "gcfs_config": [],
                "guest_accelerator": [],
                "gvnic": [],
                "host_maintenance_policy": [],
                "image_type": "",
                "kubelet_config": [],
                "labels": {},
                "linux_node_config": [],
                "local_nvme_ssd_block_config": [],
                "local_ssd_count": 0,
                "logging_variant": "",
                "machine_type": "n1-standard-2",
                "metadata": {},
                "min_cpu_platform": "",
                "node_group": "",
                "oauth_scopes": [],
                "preemptible": false,
                "reservation_affinity": [],
                "resource_labels": null,
                "resource_manager_tags": null,
                "secondary_boot_disks": [],
                "service_account": "",
                "shielded_instance_config": [],
                "sole_tenant_config": [],
                "spot": false,
                "tags": [
                  "gke"
                ],
                "taint": [],
                "workload_metadata_config": []
              }
            ],
            "node_locations": [],
            "node_pool": null,
            "node_pool_auto_config": null,
            "node_pool_defaults": null,
            "node_version": null,
            "notification_config": null,
            "operation": null,
            "private_cluster_config": [
              {
                "enable_private_endpoint": true,
                "enable_private_nodes": true,
                "master_global_access_config": [],
                "master_ipv4_cidr_block": "10.242.83.0/28",
                "peering_name": "",
                "private_endpoint": "",
                "private_endpoint_subnetwork": "",
                "public_endpoint": ""
              }
            ],
            "private_ipv6_google_access": null,
            "project": "dt-sandbox-service-proj",
            "release_channel": [
              {
                "channel": "REGULAR"
              }
            ],
            "remove_default_node_pool": null,
            "resource_labels": null,
            "resource_usage_export_config": [],
            "security_posture_config": null,
            "self_link": null,
            "service_external_ips_config": null,
            "services_ipv4_cidr": null,
            "subnetwork": "https://www.googleapis.com/compute/v1/projects/dt-sandbox-host-proj/regions/us-central1/subnetworks/avantia-infr-prod-gke-wecloud-cluster-pri-us-ce1-a-1",
            "timeouts": null,
            "tpu_ipv4_cidr_block": null,
            "vertical_pod_autoscaling": null,
            "workload_identity_config": [
              {
                "workload_pool": "dt-sandbox-service-proj.svc.id.goog"
              }
            ]
          },
          "sensitive_attributes": [],
          "private": "eyJlMmJmYjczMC1lY2FhLTExZTYtOGY4OC0zNDM2M2JjN2M0YzAiOnsiY3JlYXRlIjoyNDAwMDAwMDAwMDAwLCJkZWxldGUiOjI0MDAwMDAwMDAwMDAsInJlYWQiOjI0MDAwMDAwMDAwMDAsInVwZGF0ZSI6MzYwMDAwMDAwMDAwMH0sInNjaGVtYV92ZXJzaW9uIjoiMiJ9",
          "dependencies": [
            "google_compute_network.vpc_network_avantia_dev",
            "google_compute_subnetwork.subnet_avantia_weava_pri",
            "google_project_iam_member.host-proj-k8s-agent",
            "google_project_iam_member.host-proj-k8s-agent-user",
            "google_project_iam_member.host-proj-network-user",
            "google_project_iam_member.host-proj-security-admin",
            "google_project_iam_member.service-proj-k8s-agent"
          ]
        }
      ]
    },
    {
      "mode": "managed",
      "type": "google_project_iam_member",
      "name": "host-proj-k8s-agent",
      "provider": "provider[\"registry.terraform.io/hashicorp/google\"]",
      "instances": [
        {
          "schema_version": 0,
          "attributes": {
            "condition": [],
            "etag": "BwYm6LdT+nQ=",
            "id": "dt-sandbox-host-proj/roles/container.serviceAgent/serviceAccount:service-67931813644@container-engine-robot.iam.gserviceaccount.com",
            "member": "serviceAccount:service-67931813644@container-engine-robot.iam.gserviceaccount.com",
            "project": "dt-sandbox-host-proj",
            "role": "roles/container.serviceAgent"
          },
          "sensitive_attributes": [],
          "private": "bnVsbA=="
        }
      ]
    },
    {
      "mode": "managed",
      "type": "google_project_iam_member",
      "name": "host-proj-k8s-agent-user",
      "provider": "provider[\"registry.terraform.io/hashicorp/google\"]",
      "instances": [
        {
          "schema_version": 0,
          "attributes": {
            "condition": [],
            "etag": "BwYm6LdT+nQ=",
            "id": "dt-sandbox-host-proj/roles/container.hostServiceAgentUser/serviceAccount:service-692159066307@container-engine-robot.iam.gserviceaccount.com",
            "member": "serviceAccount:service-692159066307@container-engine-robot.iam.gserviceaccount.com",
            "project": "dt-sandbox-host-proj",
            "role": "roles/container.hostServiceAgentUser"
          },
          "sensitive_attributes": [],
          "private": "bnVsbA=="
        }
      ]
    },
    {
      "mode": "managed",
      "type": "google_project_iam_member",
      "name": "host-proj-network-user",
      "provider": "provider[\"registry.terraform.io/hashicorp/google\"]",
      "instances": [
        {
          "schema_version": 0,
          "attributes": {
            "condition": [],
            "etag": "BwYm6LdT+nQ=",
            "id": "dt-sandbox-host-proj/roles/compute.networkUser/serviceAccount:service-692159066307@container-engine-robot.iam.gserviceaccount.com",
            "member": "serviceAccount:service-692159066307@container-engine-robot.iam.gserviceaccount.com",
            "project": "dt-sandbox-host-proj",
            "role": "roles/compute.networkUser"
          },
          "sensitive_attributes": [],
          "private": "bnVsbA=="
        }
      ]
    },
    {
      "mode": "managed",
      "type": "google_project_iam_member",
      "name": "host-proj-security-admin",
      "provider": "provider[\"registry.terraform.io/hashicorp/google\"]",
      "instances": [
        {
          "schema_version": 0,
          "attributes": {
            "condition": [],
            "etag": "BwYm6LdT+nQ=",
            "id": "dt-sandbox-host-proj/roles/compute.securityAdmin/serviceAccount:service-692159066307@container-engine-robot.iam.gserviceaccount.com",
            "member": "serviceAccount:service-692159066307@container-engine-robot.iam.gserviceaccount.com",
            "project": "dt-sandbox-host-proj",
            "role": "roles/compute.securityAdmin"
          },
          "sensitive_attributes": [],
          "private": "bnVsbA=="
        }
      ]
    },
    {
      "mode": "managed",
      "type": "google_project_iam_member",
      "name": "service-proj-k8s-agent",
      "provider": "provider[\"registry.terraform.io/hashicorp/google\"]",
      "instances": [
        {
          "schema_version": 0,
          "attributes": {
            "condition": [],
            "etag": "BwYm6G/KYJs=",
            "id": "dt-sandbox-service-proj/roles/container.serviceAgent/serviceAccount:service-692159066307@container-engine-robot.iam.gserviceaccount.com",
            "member": "serviceAccount:service-692159066307@container-engine-robot.iam.gserviceaccount.com",
            "project": "dt-sandbox-service-proj",
            "role": "roles/container.serviceAgent"
          },
          "sensitive_attributes": [],
          "private": "bnVsbA=="
        }
      ]
    },
    {
      "mode": "managed",
      "type": "local_file",
      "name": "prd_export_network",
      "provider": "provider[\"registry.terraform.io/hashicorp/local\"]",
      "instances": [
        {
          "schema_version": 0,
          "attributes": {
            "content": "{\"avantia_prd_vpc_id\":\"projects/dt-sandbox-host-proj/global/networks/infra-prd\",\"avantia_prd_vpc_self_link\":\"https://www.googleapis.com/compute/v1/projects/dt-sandbox-host-proj/global/networks/infra-prd\"}",
            "content_base64": null,
            "content_base64sha256": "zdlaMEdDHhem7cdygQRUsBzTuC8Vjm+oap7arLLBLD8=",
            "content_base64sha512": "DoNt3l9m5+RJ13zUVwb4JbJlD39p+X4Ca/3w9elIS6pg65KV0eqj3Bo9J3l1nvtMG4U/fTZRt0neHtPsCShYdg==",
            "content_md5": "aa4be4d0c780cd4471f924639fb93849",
            "content_sha1": "fd709d9c17e65893ce05878a700464a30677c370",
            "content_sha256": "cdd95a3047431e17a6edc772810454b01cd3b82f158e6fa86a9edaacb2c12c3f",
            "content_sha512": "0e836dde5f66e7e449d77cd45706f825b2650f7f69f97e026bfdf0f5e9484baa60eb9295d1eaa3dc1a3d2779759efb4c1b853f7d3651b749de1ed3ec09285876",
            "directory_permission": "0777",
            "file_permission": "0777",
            "filename": "../../local/prod_shared_vpc.json",
            "id": "fd709d9c17e65893ce05878a700464a30677c370",
            "sensitive_content": null,
            "source": null
          },
          "sensitive_attributes": [
            [
              {
                "type": "get_attr",
                "value": "sensitive_content"
              }
            ]
          ],
          "dependencies": [
            "google_compute_network.vpc_network_avantia_prd"
          ]
        }
      ]
    },
    {
      "mode": "managed",
      "type": "local_file",
      "name": "prd_export_network_dev",
      "provider": "provider[\"registry.terraform.io/hashicorp/local\"]",
      "instances": [
        {
          "schema_version": 0,
          "attributes": {
            "content": "{\"avantia_vpc_id\":\"projects/dt-sandbox-host-proj/global/networks/infra-dev\",\"avantia_vpc_self_link\":\"https://www.googleapis.com/compute/v1/projects/dt-sandbox-host-proj/global/networks/infra-dev\"}",
            "content_base64": null,
            "content_base64sha256": "NjFhinUn3OEKWzz1hRIZmZHQlGe3pysEZ5f49gN8Cxs=",
            "content_base64sha512": "JGrMcs4I2EZup6afk/KwQVfiBpNJr/fxbJPu0Aj7Q2YZvhdMr4Szj/WR/GmVhemvhjyWslqYgjg3DiT9jr/DiQ==",
            "content_md5": "a55474ee8be84d443e41e4253a23bbbd",
            "content_sha1": "9e0a23a814e75cd3735e5fc2acaa3e7dce88a62f",
            "content_sha256": "3631618a7527dce10a5b3cf58512199991d09467b7a72b046797f8f6037c0b1b",
            "content_sha512": "246acc72ce08d8466ea7a69f93f2b04157e2069349aff7f16c93eed008fb436619be174caf84b38ff591fc699585e9af863c96b25a988238370e24fd8ebfc389",
            "directory_permission": "0777",
            "file_permission": "0777",
            "filename": "../../local/lab_shared_vpc.json",
            "id": "9e0a23a814e75cd3735e5fc2acaa3e7dce88a62f",
            "sensitive_content": null,
            "source": null
          },
          "sensitive_attributes": [
            [
              {
                "type": "get_attr",
                "value": "sensitive_content"
              }
            ]
          ],
          "dependencies": [
            "google_compute_network.vpc_network_avantia_dev"
          ]
        }
      ]
    }
  ],
  "check_results": null
}
