{
  "version": 4,
  "terraform_version": "1.9.6",
  "serial": 375,
  "lineage": "b1ab148d-8c98-531a-86f3-4e065c7b5ff6",
  "outputs": {
    "avantia-prd-vpc-network": {
      "value": "https://www.googleapis.com/compute/v1/projects/dt-sandbox-host-proj/global/networks/infra-prd",
      "type": "string"
    },
    "avantia-vpc-network": {
      "value": "https://www.googleapis.com/compute/v1/projects/dt-sandbox-host-proj/global/networks/infra-dev",
      "type": "string"
    },
    "subnet_avantia_weava_pri": {
      "value": "https://www.googleapis.com/compute/v1/projects/dt-sandbox-host-proj/regions/us-central1/subnetworks/avantia-infr-prod-gke-wecloud-cluster-pri-us-ce1-a-1",
      "type": "string"
    }
  },
  "resources": [
    {
      "mode": "managed",
      "type": "google_compute_network",
      "name": "vpc_network_avantia_dev",
      "provider": "provider[\"registry.terraform.io/hashicorp/google\"]",
      "instances": [
        {
          "schema_version": 0,
          "attributes": {
            "auto_create_subnetworks": false,
            "delete_default_routes_on_create": false,
            "description": "",
            "enable_ula_internal_ipv6": false,
            "gateway_ipv4": "",
            "id": "projects/dt-sandbox-host-proj/global/networks/infra-dev",
            "internal_ipv6_range": "",
            "mtu": 0,
            "name": "infra-dev",
            "network_firewall_policy_enforcement_order": "AFTER_CLASSIC_FIREWALL",
            "numeric_id": "5781672294503625561",
            "project": "dt-sandbox-host-proj",
            "routing_mode": "GLOBAL",
            "self_link": "https://www.googleapis.com/compute/v1/projects/dt-sandbox-host-proj/global/networks/infra-dev",
            "timeouts": null
          },
          "sensitive_attributes": [],
          "private": "eyJlMmJmYjczMC1lY2FhLTExZTYtOGY4OC0zNDM2M2JjN2M0YzAiOnsiY3JlYXRlIjoxMjAwMDAwMDAwMDAwLCJkZWxldGUiOjEyMDAwMDAwMDAwMDAsInVwZGF0ZSI6MTIwMDAwMDAwMDAwMH19"
        }
      ]
    },
    {
      "mode": "managed",
      "type": "google_compute_network",
      "name": "vpc_network_avantia_prd",
      "provider": "provider[\"registry.terraform.io/hashicorp/google\"]",
      "instances": [
        {
          "schema_version": 0,
          "attributes": {
            "auto_create_subnetworks": false,
            "delete_default_routes_on_create": false,
            "description": "",
            "enable_ula_internal_ipv6": false,
            "gateway_ipv4": "",
            "id": "projects/dt-sandbox-host-proj/global/networks/infra-prd",
            "internal_ipv6_range": "",
            "mtu": 0,
            "name": "infra-prd",
            "network_firewall_policy_enforcement_order": "AFTER_CLASSIC_FIREWALL",
            "numeric_id": "5845712584759259993",
            "project": "dt-sandbox-host-proj",
            "routing_mode": "GLOBAL",
            "self_link": "https://www.googleapis.com/compute/v1/projects/dt-sandbox-host-proj/global/networks/infra-prd",
            "timeouts": null
          },
          "sensitive_attributes": [],
          "private": "eyJlMmJmYjczMC1lY2FhLTExZTYtOGY4OC0zNDM2M2JjN2M0YzAiOnsiY3JlYXRlIjoxMjAwMDAwMDAwMDAwLCJkZWxldGUiOjEyMDAwMDAwMDAwMDAsInVwZGF0ZSI6MTIwMDAwMDAwMDAwMH19"
        }
      ]
    },
    {
      "mode": "managed",
      "type": "google_compute_shared_vpc_host_project",
      "name": "shared_vpc_host_project",
      "provider": "provider[\"registry.terraform.io/hashicorp/google\"]",
      "instances": [
        {
          "schema_version": 0,
          "attributes": {
            "id": "dt-sandbox-host-proj",
            "project": "dt-sandbox-host-proj",
            "timeouts": null
          },
          "sensitive_attributes": [],
          "private": "eyJlMmJmYjczMC1lY2FhLTExZTYtOGY4OC0zNDM2M2JjN2M0YzAiOnsiY3JlYXRlIjoyNDAwMDAwMDAwMDAsImRlbGV0ZSI6MjQwMDAwMDAwMDAwfX0="
        }
      ]
    },
    {
      "mode": "managed",
      "type": "google_compute_shared_vpc_service_project",
      "name": "service_project_dev",
      "provider": "provider[\"registry.terraform.io/hashicorp/google\"]",
      "instances": [
        {
          "schema_version": 0,
          "attributes": {
            "deletion_policy": null,
            "host_project": "dt-sandbox-host-proj",
            "id": "dt-sandbox-host-proj/dt-sandbox-service-proj",
            "service_project": "dt-sandbox-service-proj",
            "timeouts": null
          },
          "sensitive_attributes": [],
          "private": "eyJlMmJmYjczMC1lY2FhLTExZTYtOGY4OC0zNDM2M2JjN2M0YzAiOnsiY3JlYXRlIjoyNDAwMDAwMDAwMDAsImRlbGV0ZSI6MjQwMDAwMDAwMDAwfX0=",
          "dependencies": [
            "google_compute_network.vpc_network_avantia_dev",
            "google_compute_shared_vpc_host_project.shared_vpc_host_project"
          ]
        }
      ]
    },
    {
      "mode": "managed",
      "type": "google_compute_subnetwork",
      "name": "subnet_avantia_weava_pri",
      "provider": "provider[\"registry.terraform.io/hashicorp/google\"]",
      "instances": [
        {
          "schema_version": 0,
          "attributes": {
            "creation_timestamp": "2024-11-14T15:54:43.732-08:00",
            "description": "",
            "external_ipv6_prefix": "",
            "fingerprint": null,
            "gateway_address": "10.242.0.1",
            "id": "projects/dt-sandbox-host-proj/regions/us-central1/subnetworks/avantia-infr-prod-gke-wecloud-cluster-pri-us-ce1-a-1",
            "internal_ipv6_prefix": "",
            "ip_cidr_range": "10.242.0.0/22",
            "ipv6_access_type": "",
            "ipv6_cidr_range": "",
            "log_config": [],
            "name": "avantia-infr-prod-gke-wecloud-cluster-pri-us-ce1-a-1",
            "network": "https://www.googleapis.com/compute/v1/projects/dt-sandbox-host-proj/global/networks/infra-dev",
            "private_ip_google_access": false,
            "private_ipv6_google_access": "DISABLE_GOOGLE_ACCESS",
            "project": "dt-sandbox-host-proj",
            "purpose": "PRIVATE",
            "region": "us-central1",
            "role": "",
            "secondary_ip_range": [
              {
                "ip_cidr_range": "10.242.4.0/22",
                "range_name": "pods-range"
              },
              {
                "ip_cidr_range": "10.242.8.0/21",
                "range_name": "services-range"
              },
              {
                "ip_cidr_range": "10.242.32.0/19",
                "range_name": "wecloud-box-pods-range"
              },
              {
                "ip_cidr_range": "10.242.16.0/21",
                "range_name": "weava-pods-range"
              },
              {
                "ip_cidr_range": "10.242.28.0/22",
                "range_name": "wecloud-classifiers-pods-range"
              },
              {
                "ip_cidr_range": "10.242.24.0/22",
                "range_name": "wecloud-app-pods-range"
              }
            ],
            "self_link": "https://www.googleapis.com/compute/v1/projects/dt-sandbox-host-proj/regions/us-central1/subnetworks/avantia-infr-prod-gke-wecloud-cluster-pri-us-ce1-a-1",
            "send_secondary_ip_range_if_empty": null,
            "stack_type": "IPV4_ONLY",
            "timeouts": null
          },
          "sensitive_attributes": [],
          "private": "eyJlMmJmYjczMC1lY2FhLTExZTYtOGY4OC0zNDM2M2JjN2M0YzAiOnsiY3JlYXRlIjoxMjAwMDAwMDAwMDAwLCJkZWxldGUiOjEyMDAwMDAwMDAwMDAsInVwZGF0ZSI6MTIwMDAwMDAwMDAwMH19",
          "dependencies": [
            "google_compute_network.vpc_network_avantia_dev"
          ]
        }
      ]
    },
    {
      "mode": "managed",
      "type": "google_container_cluster",
      "name": "avantia_pri_dev_gke",
      "provider": "provider[\"registry.terraform.io/hashicorp/google\"]",
      "instances": [
        {
          "schema_version": 2,
          "attributes": {
            "addons_config": [
              {
                "cloudrun_config": [],
                "config_connector_config": [],
                "dns_cache_config": [],
                "gce_persistent_disk_csi_driver_config": [
                  {
                    "enabled": true
                  }
                ],
                "gcp_filestore_csi_driver_config": [],
                "gcs_fuse_csi_driver_config": [],
                "gke_backup_agent_config": [],
                "horizontal_pod_autoscaling": [],
                "http_load_balancing": [],
                "network_policy_config": [
                  {
                    "disabled": true
                  }
                ],
                "ray_operator_config": [],
                "stateful_ha_config": []
              }
            ],
            "allow_net_admin": null,
            "authenticator_groups_config": [],
            "binary_authorization": [
              {
                "enabled": false,
                "evaluation_mode": ""
              }
            ],
            "cluster_autoscaling": [
              {
                "auto_provisioning_defaults": [],
                "auto_provisioning_locations": [],
                "autoscaling_profile": "BALANCED",
                "enabled": false,
                "resource_limits": []
              }
            ],
            "cluster_ipv4_cidr": "10.242.8.0/21",
            "confidential_nodes": [],
            "cost_management_config": [],
            "database_encryption": [
              {
                "key_name": "",
                "state": "DECRYPTED"
              }
            ],
            "datapath_provider": "",
            "default_max_pods_per_node": 110,
            "default_snat_status": [
              {
                "disabled": false
              }
            ],
            "deletion_protection": false,
            "description": "",
            "dns_config": [],
            "enable_autopilot": false,
            "enable_cilium_clusterwide_network_policy": false,
            "enable_intranode_visibility": false,
            "enable_k8s_beta_apis": [],
            "enable_kubernetes_alpha": false,
            "enable_l4_ilb_subsetting": true,
            "enable_legacy_abac": false,
            "enable_multi_networking": false,
            "enable_shielded_nodes": true,
            "enable_tpu": false,
            "endpoint": "10.242.83.2",
            "fleet": [],
            "gateway_api_config": [],
            "id": "projects/dt-sandbox-service-proj/locations/us-central1/clusters/avantia-private-cluster-dev",
            "identity_service_config": [],
            "initial_node_count": 1,
            "ip_allocation_policy": [
              {
                "additional_pod_ranges_config": [],
                "cluster_ipv4_cidr_block": "10.242.8.0/21",
                "cluster_secondary_range_name": "services-range",
                "pod_cidr_overprovision_config": [
                  {
                    "disabled": false
                  }
                ],
                "services_ipv4_cidr_block": "10.242.4.0/22",
                "services_secondary_range_name": "pods-range",
                "stack_type": "IPV4"
              }
            ],
            "label_fingerprint": "a9dc16a7",
            "location": "us-central1",
            "logging_config": [
              {
                "enable_components": [
                  "SYSTEM_COMPONENTS",
                  "WORKLOADS"
                ]
              }
            ],
            "logging_service": "logging.googleapis.com/kubernetes",
            "maintenance_policy": [],
            "master_auth": [
              {
                "client_certificate": "",
                "client_certificate_config": [
                  {
                    "issue_client_certificate": false
                  }
                ],
                "client_key": "",
                "cluster_ca_certificate": "LS0tLS1CRUdJTiBDRVJUSUZJQ0FURS0tLS0tCk1JSUVMVENDQXBXZ0F3SUJBZ0lSQUlGeXU2Uml0Y3M5THd6UThYcTFaejR3RFFZSktvWklodmNOQVFFTEJRQXcKTHpFdE1Dc0dBMVVFQXhNa09HVmxZbUZqTW1VdFl6RTBOQzAwWldNd0xUbG1ZMkV0TUdJNE1UQTVNRFJrTlRoaQpNQ0FYRFRJME1URXhOREl6TlRBeE1sb1lEekl3TlRReE1UQTRNREExTURFeVdqQXZNUzB3S3dZRFZRUURFeVE0ClpXVmlZV015WlMxak1UUTBMVFJsWXpBdE9XWmpZUzB3WWpneE1Ea3dOR1ExT0dJd2dnR2lNQTBHQ1NxR1NJYjMKRFFFQkFRVUFBNElCandBd2dnR0tBb0lCZ1FEYjRXV0ZCS29vQTdUcllZMVVzSFQrNzR2SGVaNlZ6MnI0UVBBegowSGdNYnU1ZXdaZDQ4UEFPK0xXNFNRTDUvUFdBMjJobU9RclVJd0xoVk5HRlJTQVE5YTc3VUhtVHBjeUlEUGF5CmEzYlBwY1JqYjFIeTRkTCtzTENMNmhCK2RNemhmOUhiM0x3UlhHaEVNblJuZjB2SGdyRUUrWCthRFNaRmZSaTgKM3c4elpLa2M4c3B5VGZIWC8wOEtnVXJmRE1BTnc3Sjd4Mk44bTBlbE5nVXNTZmV3NU5TbFBYcnp6WTQxR2FaTwp6Z0luWkcrc1BocE1wQ2dFd0kvWmlrVStwb2Y0THVZeTBkMnZJWU9SSDFxS0VIenFSMkZIemlLOC9FclhnZFU1CkllZE9TclArTDR3Wnp0MFlWOXUvV2VFdzdvckdEQmZhOUpwMDhDeWphQnhlbE1vVFN6NmR6MXQ3NlNxSzc4RWcKYmppZWkwOVpSbVlMWkZwRGRFSk5XL2NPVVIyazBQT3VrTlJsSS83OWZTdXhhU1R5TnY1K29OMFRqdEpNYThNVgpKSUx0alR4ZUt2N3AwZkVtYU1aZHRTV25TdzZJdHRyTEEzWXVXNVdNNEJqVEtZcTV2dW5rMERNWjYxMDdpWnBxCmRhT2ZsK0orMUx5RXhuZ3JwVUFBb0tSMFZSc0NBd0VBQWFOQ01FQXdEZ1lEVlIwUEFRSC9CQVFEQWdJRU1BOEcKQTFVZEV3RUIvd1FGTUFNQkFmOHdIUVlEVlIwT0JCWUVGTnhzYlIvKytnRHFPc3hiOWs2RmZuQXVEd3lwTUEwRwpDU3FHU0liM0RRRUJDd1VBQTRJQmdRQlpod25DWlphYkw3WGFpMkVrSjdCQlMwNmFtN1ZvSXhEZk1ITmwzR0xSCmtoVVh6NTFMOW5mblJCdk9VS0NhWVpUMnJNSWdaV05KdTdab1NYVndvcDV0SVdJc29pV0hjODkvOG93Q0pWV08KL3JDOGJoOEVHVlRBYXlDcW1QUy9jNkRxNVFFOW9HU0djZjB0YzZaeGVFcWV6VWJJZmlMT2wxNk1mVTdvelNBQwpHOElsZU5NY3FJQ1pqN1R3Z0xNQ1FYQ2ZOZmxrUHoyZXU0bGFkVXFSZ3Y2aFpvQnNvUUdmdFhBRUVvamszdWRjCjlHL3RmUmM4bzJ6RzMwcllTU29HZGFBYTd4dmp4dm9TTkhyMUZoQlN1cTZQQUlOZ3J0UUxwaC8xM3p4eWNlZWoKRlFwM2tIb1laZGV6RUdYRXc4SjRzeFJDUDBlbDY3eHc5czVQNythUldaeU9hMFFKb05ydUhwVlFPRENOQ0x3UgpMRUliUXVsL2w3R2xvdnE2bksxejVjTDZPa205aHNYMkIzYWJKelZua2UzL1dUZ1ZjMExoN0VaZS9tN29hZ1d6CnNEQ1IzRXA3b0Fqd3NqOERmMnZ3V3VCT1plK2JSbnU3bHI2VFkxdG8yV2cxWGljbVpqUEd2TTRpNGFjVXpnZHUKVCtKK1NkQ0MwOFhwR2tSSjhlM3cwNkE9Ci0tLS0tRU5EIENFUlRJRklDQVRFLS0tLS0K"
              }
            ],
            "master_authorized_networks_config": [
              {
                "cidr_blocks": [
                  {
                    "cidr_block": "10.242.0.0/17",
                    "display_name": "subnet_gke_avanuv_pri_name"
                  }
                ],
                "gcp_public_cidrs_access_enabled": false
              }
            ],
            "master_version": "1.30.5-gke.1443001",
            "mesh_certificates": [],
            "min_master_version": null,
            "monitoring_config": [
              {
                "advanced_datapath_observability_config": [
                  {
                    "enable_metrics": false,
                    "enable_relay": false,
                    "relay_mode": "DISABLED"
                  }
                ],
                "enable_components": [
                  "SYSTEM_COMPONENTS",
                  "HPA",
                  "POD",
                  "DAEMONSET",
                  "DEPLOYMENT",
                  "STATEFULSET",
                  "STORAGE",
                  "KUBELET",
                  "CADVISOR"
                ],
                "managed_prometheus": [
                  {
                    "enabled": true
                  }
                ]
              }
            ],
            "monitoring_service": "monitoring.googleapis.com/kubernetes",
            "name": "avantia-private-cluster-dev",
            "network": "projects/dt-sandbox-host-proj/global/networks/infra-dev",
            "network_policy": [
              {
                "enabled": false,
                "provider": "PROVIDER_UNSPECIFIED"
              }
            ],
            "networking_mode": "VPC_NATIVE",
            "node_config": [
              {
                "advanced_machine_features": [],
                "boot_disk_kms_key": "",
                "confidential_nodes": [],
                "containerd_config": [],
                "disk_size_gb": 100,
                "disk_type": "pd-balanced",
                "effective_taints": [],
                "enable_confidential_storage": false,
                "ephemeral_storage_local_ssd_config": [],
                "fast_socket": [],
                "gcfs_config": [],
                "guest_accelerator": [],
                "gvnic": [],
                "host_maintenance_policy": [],
                "image_type": "COS_CONTAINERD",
                "kubelet_config": [],
                "labels": {},
                "linux_node_config": [],
                "local_nvme_ssd_block_config": [],
                "local_ssd_count": 0,
                "logging_variant": "DEFAULT",
                "machine_type": "n1-standard-2",
                "metadata": {
                  "disable-legacy-endpoints": "true"
                },
                "min_cpu_platform": "",
                "node_group": "",
                "oauth_scopes": [
                  "https://www.googleapis.com/auth/devstorage.read_only",
                  "https://www.googleapis.com/auth/logging.write",
                  "https://www.googleapis.com/auth/monitoring",
                  "https://www.googleapis.com/auth/service.management.readonly",
                  "https://www.googleapis.com/auth/servicecontrol",
                  "https://www.googleapis.com/auth/trace.append"
                ],
                "preemptible": false,
                "reservation_affinity": [],
                "resource_labels": null,
                "resource_manager_tags": null,
                "secondary_boot_disks": [],
                "service_account": "default",
                "shielded_instance_config": [
                  {
                    "enable_integrity_monitoring": true,
                    "enable_secure_boot": false
                  }
                ],
                "sole_tenant_config": [],
                "spot": false,
                "tags": [
                  "gke"
                ],
                "taint": [],
                "workload_metadata_config": [
                  {
                    "mode": "GKE_METADATA"
                  }
                ]
              }
            ],
            "node_locations": [
              "us-central1-a",
              "us-central1-c",
              "us-central1-f"
            ],
            "node_pool": [
              {
                "autoscaling": [],
                "initial_node_count": 1,
                "instance_group_urls": [
                  "https://www.googleapis.com/compute/v1/projects/dt-sandbox-service-proj/zones/us-central1-a/instanceGroupManagers/gke-avantia-private-clus-default-pool-eaa16460-grp",
                  "https://www.googleapis.com/compute/v1/projects/dt-sandbox-service-proj/zones/us-central1-c/instanceGroupManagers/gke-avantia-private-clus-default-pool-959a384b-grp",
                  "https://www.googleapis.com/compute/v1/projects/dt-sandbox-service-proj/zones/us-central1-f/instanceGroupManagers/gke-avantia-private-clus-default-pool-32a58553-grp"
                ],
                "managed_instance_group_urls": [
                  "https://www.googleapis.com/compute/v1/projects/dt-sandbox-service-proj/zones/us-central1-a/instanceGroups/gke-avantia-private-clus-default-pool-eaa16460-grp",
                  "https://www.googleapis.com/compute/v1/projects/dt-sandbox-service-proj/zones/us-central1-c/instanceGroups/gke-avantia-private-clus-default-pool-959a384b-grp",
                  "https://www.googleapis.com/compute/v1/projects/dt-sandbox-service-proj/zones/us-central1-f/instanceGroups/gke-avantia-private-clus-default-pool-32a58553-grp"
                ],
                "management": [
                  {
                    "auto_repair": true,
                    "auto_upgrade": true
                  }
                ],
                "max_pods_per_node": 110,
                "name": "default-pool",
                "name_prefix": "",
                "network_config": [
                  {
                    "additional_node_network_configs": [],
                    "additional_pod_network_configs": [],
                    "create_pod_range": false,
                    "enable_private_nodes": true,
                    "network_performance_config": [],
                    "pod_cidr_overprovision_config": [],
                    "pod_ipv4_cidr_block": "10.242.8.0/21",
                    "pod_range": "services-range"
                  }
                ],
                "node_config": [
                  {
                    "advanced_machine_features": [],
                    "boot_disk_kms_key": "",
                    "confidential_nodes": [],
                    "containerd_config": [],
                    "disk_size_gb": 100,
                    "disk_type": "pd-balanced",
                    "effective_taints": [],
                    "enable_confidential_storage": false,
                    "ephemeral_storage_local_ssd_config": [],
                    "fast_socket": [],
                    "gcfs_config": [],
                    "guest_accelerator": [],
                    "gvnic": [],
                    "host_maintenance_policy": [],
                    "image_type": "COS_CONTAINERD",
                    "kubelet_config": [],
                    "labels": {},
                    "linux_node_config": [],
                    "local_nvme_ssd_block_config": [],
                    "local_ssd_count": 0,
                    "logging_variant": "DEFAULT",
                    "machine_type": "n1-standard-2",
                    "metadata": {
                      "disable-legacy-endpoints": "true"
                    },
                    "min_cpu_platform": "",
                    "node_group": "",
                    "oauth_scopes": [
                      "https://www.googleapis.com/auth/devstorage.read_only",
                      "https://www.googleapis.com/auth/logging.write",
                      "https://www.googleapis.com/auth/monitoring",
                      "https://www.googleapis.com/auth/service.management.readonly",
                      "https://www.googleapis.com/auth/servicecontrol",
                      "https://www.googleapis.com/auth/trace.append"
                    ],
                    "preemptible": false,
                    "reservation_affinity": [],
                    "resource_labels": {},
                    "resource_manager_tags": {},
                    "secondary_boot_disks": [],
                    "service_account": "default",
                    "shielded_instance_config": [
                      {
                        "enable_integrity_monitoring": true,
                        "enable_secure_boot": false
                      }
                    ],
                    "sole_tenant_config": [],
                    "spot": false,
                    "tags": [
                      "gke"
                    ],
                    "taint": [],
                    "workload_metadata_config": [
                      {
                        "mode": "GKE_METADATA"
                      }
                    ]
                  }
                ],
                "node_count": 1,
                "node_locations": [
                  "us-central1-a",
                  "us-central1-c",
                  "us-central1-f"
                ],
                "placement_policy": [],
                "queued_provisioning": [],
                "upgrade_settings": [
                  {
                    "blue_green_settings": [],
                    "max_surge": 1,
                    "max_unavailable": 0,
                    "strategy": "SURGE"
                  }
                ],
                "version": "1.30.5-gke.1443001"
              }
            ],
            "node_pool_auto_config": [],
            "node_pool_defaults": [
              {
                "node_config_defaults": [
                  {
                    "containerd_config": [],
                    "logging_variant": "DEFAULT"
                  }
                ]
              }
            ],
            "node_version": "1.30.5-gke.1443001",
            "notification_config": [
              {
                "pubsub": [
                  {
                    "enabled": false,
                    "filter": [],
                    "topic": ""
                  }
                ]
              }
            ],
            "operation": null,
            "private_cluster_config": [
              {
                "enable_private_endpoint": true,
                "enable_private_nodes": true,
                "master_global_access_config": [
                  {
                    "enabled": false
                  }
                ],
                "master_ipv4_cidr_block": "10.242.83.0/28",
                "peering_name": "",
                "private_endpoint": "10.242.83.2",
                "private_endpoint_subnetwork": "",
                "public_endpoint": "34.170.38.19"
              }
            ],
            "private_ipv6_google_access": "",
            "project": "dt-sandbox-service-proj",
            "release_channel": [
              {
                "channel": "REGULAR"
              }
            ],
            "remove_default_node_pool": null,
            "resource_labels": null,
            "resource_usage_export_config": [],
            "security_posture_config": [
              {
                "mode": "BASIC",
                "vulnerability_mode": "VULNERABILITY_MODE_UNSPECIFIED"
              }
            ],
            "self_link": "https://container.googleapis.com/v1/projects/dt-sandbox-service-proj/locations/us-central1/clusters/avantia-private-cluster-dev",
            "service_external_ips_config": [
              {
                "enabled": false
              }
            ],
            "services_ipv4_cidr": "10.242.4.0/22",
            "subnetwork": "projects/dt-sandbox-host-proj/regions/us-central1/subnetworks/avantia-infr-prod-gke-wecloud-cluster-pri-us-ce1-a-1",
            "timeouts": null,
            "tpu_ipv4_cidr_block": "",
            "vertical_pod_autoscaling": [],
            "workload_identity_config": [
              {
                "workload_pool": "dt-sandbox-service-proj.svc.id.goog"
              }
            ]
          },
          "sensitive_attributes": [
            [
              {
                "type": "get_attr",
                "value": "master_auth"
              },
              {
                "type": "index",
                "value": {
                  "value": 0,
                  "type": "number"
                }
              },
              {
                "type": "get_attr",
                "value": "client_key"
              }
            ]
          ],
          "private": "eyJlMmJmYjczMC1lY2FhLTExZTYtOGY4OC0zNDM2M2JjN2M0YzAiOnsiY3JlYXRlIjoyNDAwMDAwMDAwMDAwLCJkZWxldGUiOjI0MDAwMDAwMDAwMDAsInJlYWQiOjI0MDAwMDAwMDAwMDAsInVwZGF0ZSI6MzYwMDAwMDAwMDAwMH0sInNjaGVtYV92ZXJzaW9uIjoiMiJ9",
          "dependencies": [
            "google_compute_network.vpc_network_avantia_dev",
            "google_compute_subnetwork.subnet_avantia_weava_pri",
            "google_project_iam_member.host-proj-k8s-agent",
            "google_project_iam_member.host-proj-k8s-agent-user",
            "google_project_iam_member.host-proj-network-user",
            "google_project_iam_member.host-proj-security-admin",
            "google_project_iam_member.service-proj-k8s-agent"
          ]
        }
      ]
    },
    {
      "mode": "managed",
      "type": "google_project_iam_member",
      "name": "host-proj-k8s-agent",
      "provider": "provider[\"registry.terraform.io/hashicorp/google\"]",
      "instances": [
        {
          "schema_version": 0,
          "attributes": {
            "condition": [],
            "etag": "BwYm6LdT+nQ=",
            "id": "dt-sandbox-host-proj/roles/container.serviceAgent/serviceAccount:service-67931813644@container-engine-robot.iam.gserviceaccount.com",
            "member": "serviceAccount:service-67931813644@container-engine-robot.iam.gserviceaccount.com",
            "project": "dt-sandbox-host-proj",
            "role": "roles/container.serviceAgent"
          },
          "sensitive_attributes": [],
          "private": "bnVsbA=="
        }
      ]
    },
    {
      "mode": "managed",
      "type": "google_project_iam_member",
      "name": "host-proj-k8s-agent-user",
      "provider": "provider[\"registry.terraform.io/hashicorp/google\"]",
      "instances": [
        {
          "schema_version": 0,
          "attributes": {
            "condition": [],
            "etag": "BwYm6LdT+nQ=",
            "id": "dt-sandbox-host-proj/roles/container.hostServiceAgentUser/serviceAccount:service-692159066307@container-engine-robot.iam.gserviceaccount.com",
            "member": "serviceAccount:service-692159066307@container-engine-robot.iam.gserviceaccount.com",
            "project": "dt-sandbox-host-proj",
            "role": "roles/container.hostServiceAgentUser"
          },
          "sensitive_attributes": [],
          "private": "bnVsbA=="
        }
      ]
    },
    {
      "mode": "managed",
      "type": "google_project_iam_member",
      "name": "host-proj-network-user",
      "provider": "provider[\"registry.terraform.io/hashicorp/google\"]",
      "instances": [
        {
          "schema_version": 0,
          "attributes": {
            "condition": [],
            "etag": "BwYm6LdT+nQ=",
            "id": "dt-sandbox-host-proj/roles/compute.networkUser/serviceAccount:service-692159066307@container-engine-robot.iam.gserviceaccount.com",
            "member": "serviceAccount:service-692159066307@container-engine-robot.iam.gserviceaccount.com",
            "project": "dt-sandbox-host-proj",
            "role": "roles/compute.networkUser"
          },
          "sensitive_attributes": [],
          "private": "bnVsbA=="
        }
      ]
    },
    {
      "mode": "managed",
      "type": "google_project_iam_member",
      "name": "host-proj-security-admin",
      "provider": "provider[\"registry.terraform.io/hashicorp/google\"]",
      "instances": [
        {
          "schema_version": 0,
          "attributes": {
            "condition": [],
            "etag": "BwYm6LdT+nQ=",
            "id": "dt-sandbox-host-proj/roles/compute.securityAdmin/serviceAccount:service-692159066307@container-engine-robot.iam.gserviceaccount.com",
            "member": "serviceAccount:service-692159066307@container-engine-robot.iam.gserviceaccount.com",
            "project": "dt-sandbox-host-proj",
            "role": "roles/compute.securityAdmin"
          },
          "sensitive_attributes": [],
          "private": "bnVsbA=="
        }
      ]
    },
    {
      "mode": "managed",
      "type": "google_project_iam_member",
      "name": "service-proj-k8s-agent",
      "provider": "provider[\"registry.terraform.io/hashicorp/google\"]",
      "instances": [
        {
          "schema_version": 0,
          "attributes": {
            "condition": [],
            "etag": "BwYm6G/KYJs=",
            "id": "dt-sandbox-service-proj/roles/container.serviceAgent/serviceAccount:service-692159066307@container-engine-robot.iam.gserviceaccount.com",
            "member": "serviceAccount:service-692159066307@container-engine-robot.iam.gserviceaccount.com",
            "project": "dt-sandbox-service-proj",
            "role": "roles/container.serviceAgent"
          },
          "sensitive_attributes": [],
          "private": "bnVsbA=="
        }
      ]
    },
    {
      "mode": "managed",
      "type": "local_file",
      "name": "prd_export_network",
      "provider": "provider[\"registry.terraform.io/hashicorp/local\"]",
      "instances": [
        {
          "schema_version": 0,
          "attributes": {
            "content": "{\"avantia_prd_vpc_id\":\"projects/dt-sandbox-host-proj/global/networks/infra-prd\",\"avantia_prd_vpc_self_link\":\"https://www.googleapis.com/compute/v1/projects/dt-sandbox-host-proj/global/networks/infra-prd\"}",
            "content_base64": null,
            "content_base64sha256": "zdlaMEdDHhem7cdygQRUsBzTuC8Vjm+oap7arLLBLD8=",
            "content_base64sha512": "DoNt3l9m5+RJ13zUVwb4JbJlD39p+X4Ca/3w9elIS6pg65KV0eqj3Bo9J3l1nvtMG4U/fTZRt0neHtPsCShYdg==",
            "content_md5": "aa4be4d0c780cd4471f924639fb93849",
            "content_sha1": "fd709d9c17e65893ce05878a700464a30677c370",
            "content_sha256": "cdd95a3047431e17a6edc772810454b01cd3b82f158e6fa86a9edaacb2c12c3f",
            "content_sha512": "0e836dde5f66e7e449d77cd45706f825b2650f7f69f97e026bfdf0f5e9484baa60eb9295d1eaa3dc1a3d2779759efb4c1b853f7d3651b749de1ed3ec09285876",
            "directory_permission": "0777",
            "file_permission": "0777",
            "filename": "../../local/prod_shared_vpc.json",
            "id": "fd709d9c17e65893ce05878a700464a30677c370",
            "sensitive_content": null,
            "source": null
          },
          "sensitive_attributes": [
            [
              {
                "type": "get_attr",
                "value": "sensitive_content"
              }
            ]
          ],
          "dependencies": [
            "google_compute_network.vpc_network_avantia_prd"
          ]
        }
      ]
    },
    {
      "mode": "managed",
      "type": "local_file",
      "name": "prd_export_network_dev",
      "provider": "provider[\"registry.terraform.io/hashicorp/local\"]",
      "instances": [
        {
          "schema_version": 0,
          "attributes": {
            "content": "{\"avantia_vpc_id\":\"projects/dt-sandbox-host-proj/global/networks/infra-dev\",\"avantia_vpc_self_link\":\"https://www.googleapis.com/compute/v1/projects/dt-sandbox-host-proj/global/networks/infra-dev\"}",
            "content_base64": null,
            "content_base64sha256": "NjFhinUn3OEKWzz1hRIZmZHQlGe3pysEZ5f49gN8Cxs=",
            "content_base64sha512": "JGrMcs4I2EZup6afk/KwQVfiBpNJr/fxbJPu0Aj7Q2YZvhdMr4Szj/WR/GmVhemvhjyWslqYgjg3DiT9jr/DiQ==",
            "content_md5": "a55474ee8be84d443e41e4253a23bbbd",
            "content_sha1": "9e0a23a814e75cd3735e5fc2acaa3e7dce88a62f",
            "content_sha256": "3631618a7527dce10a5b3cf58512199991d09467b7a72b046797f8f6037c0b1b",
            "content_sha512": "246acc72ce08d8466ea7a69f93f2b04157e2069349aff7f16c93eed008fb436619be174caf84b38ff591fc699585e9af863c96b25a988238370e24fd8ebfc389",
            "directory_permission": "0777",
            "file_permission": "0777",
            "filename": "../../local/lab_shared_vpc.json",
            "id": "9e0a23a814e75cd3735e5fc2acaa3e7dce88a62f",
            "sensitive_content": null,
            "source": null
          },
          "sensitive_attributes": [
            [
              {
                "type": "get_attr",
                "value": "sensitive_content"
              }
            ]
          ],
          "dependencies": [
            "google_compute_network.vpc_network_avantia_dev"
          ]
        }
      ]
    }
  ],
  "check_results": null
}
