{
  "version": 4,
  "terraform_version": "1.9.6",
  "serial": 318,
  "lineage": "b1ab148d-8c98-531a-86f3-4e065c7b5ff6",
  "outputs": {
    "avantia-prd-vpc-network": {
      "value": "https://www.googleapis.com/compute/v1/projects/dt-sandbox-host-proj/global/networks/infra-prd",
      "type": "string"
    },
    "avantia-vpc-network": {
      "value": "https://www.googleapis.com/compute/v1/projects/dt-sandbox-host-proj/global/networks/infra-dev",
      "type": "string"
    },
    "subnet_avantia_weava_pri": {
      "value": "https://www.googleapis.com/compute/v1/projects/dt-sandbox-host-proj/regions/us-central1/subnetworks/avantia-infr-prod-gke-wecloud-cluster-pri-us-ce1-a-1",
      "type": "string"
    }
  },
  "resources": [
    {
      "mode": "managed",
      "type": "google_compute_network",
      "name": "vpc_network_avantia_dev",
      "provider": "provider[\"registry.terraform.io/hashicorp/google\"]",
      "instances": [
        {
          "schema_version": 0,
          "attributes": {
            "auto_create_subnetworks": false,
            "delete_default_routes_on_create": false,
            "description": "",
            "enable_ula_internal_ipv6": false,
            "gateway_ipv4": "",
            "id": "projects/dt-sandbox-host-proj/global/networks/infra-dev",
            "internal_ipv6_range": "",
            "mtu": 0,
            "name": "infra-dev",
            "network_firewall_policy_enforcement_order": "AFTER_CLASSIC_FIREWALL",
            "numeric_id": "1788805739609537466",
            "project": "dt-sandbox-host-proj",
            "routing_mode": "GLOBAL",
            "self_link": "https://www.googleapis.com/compute/v1/projects/dt-sandbox-host-proj/global/networks/infra-dev",
            "timeouts": null
          },
          "sensitive_attributes": [],
          "private": "eyJlMmJmYjczMC1lY2FhLTExZTYtOGY4OC0zNDM2M2JjN2M0YzAiOnsiY3JlYXRlIjoxMjAwMDAwMDAwMDAwLCJkZWxldGUiOjEyMDAwMDAwMDAwMDAsInVwZGF0ZSI6MTIwMDAwMDAwMDAwMH19"
        }
      ]
    },
    {
      "mode": "managed",
      "type": "google_compute_network",
      "name": "vpc_network_avantia_prd",
      "provider": "provider[\"registry.terraform.io/hashicorp/google\"]",
      "instances": [
        {
          "schema_version": 0,
          "attributes": {
            "auto_create_subnetworks": false,
            "delete_default_routes_on_create": false,
            "description": "",
            "enable_ula_internal_ipv6": false,
            "gateway_ipv4": "",
            "id": "projects/dt-sandbox-host-proj/global/networks/infra-prd",
            "internal_ipv6_range": "",
            "mtu": 0,
            "name": "infra-prd",
            "network_firewall_policy_enforcement_order": "AFTER_CLASSIC_FIREWALL",
            "numeric_id": "896878518428449722",
            "project": "dt-sandbox-host-proj",
            "routing_mode": "GLOBAL",
            "self_link": "https://www.googleapis.com/compute/v1/projects/dt-sandbox-host-proj/global/networks/infra-prd",
            "timeouts": null
          },
          "sensitive_attributes": [],
          "private": "eyJlMmJmYjczMC1lY2FhLTExZTYtOGY4OC0zNDM2M2JjN2M0YzAiOnsiY3JlYXRlIjoxMjAwMDAwMDAwMDAwLCJkZWxldGUiOjEyMDAwMDAwMDAwMDAsInVwZGF0ZSI6MTIwMDAwMDAwMDAwMH19"
        }
      ]
    },
    {
      "mode": "managed",
      "type": "google_compute_shared_vpc_host_project",
      "name": "shared_vpc_host_project",
      "provider": "provider[\"registry.terraform.io/hashicorp/google\"]",
      "instances": [
        {
          "schema_version": 0,
          "attributes": {
            "id": "dt-sandbox-host-proj",
            "project": "dt-sandbox-host-proj",
            "timeouts": null
          },
          "sensitive_attributes": [],
          "private": "eyJlMmJmYjczMC1lY2FhLTExZTYtOGY4OC0zNDM2M2JjN2M0YzAiOnsiY3JlYXRlIjoyNDAwMDAwMDAwMDAsImRlbGV0ZSI6MjQwMDAwMDAwMDAwfX0="
        }
      ]
    },
    {
      "mode": "managed",
      "type": "google_compute_shared_vpc_service_project",
      "name": "service_project_dev",
      "provider": "provider[\"registry.terraform.io/hashicorp/google\"]",
      "instances": [
        {
          "schema_version": 0,
          "attributes": {
            "deletion_policy": null,
            "host_project": "dt-sandbox-host-proj",
            "id": "dt-sandbox-host-proj/dt-sandbox-service-proj",
            "service_project": "dt-sandbox-service-proj",
            "timeouts": null
          },
          "sensitive_attributes": [],
          "private": "eyJlMmJmYjczMC1lY2FhLTExZTYtOGY4OC0zNDM2M2JjN2M0YzAiOnsiY3JlYXRlIjoyNDAwMDAwMDAwMDAsImRlbGV0ZSI6MjQwMDAwMDAwMDAwfX0=",
          "dependencies": [
            "google_compute_network.vpc_network_avantia_dev",
            "google_compute_shared_vpc_host_project.shared_vpc_host_project"
          ]
        }
      ]
    },
    {
      "mode": "managed",
      "type": "google_compute_subnetwork",
      "name": "subnet_avantia_weava_pri",
      "provider": "provider[\"registry.terraform.io/hashicorp/google\"]",
      "instances": [
        {
          "schema_version": 0,
          "attributes": {
            "creation_timestamp": "2024-11-14T15:19:08.424-08:00",
            "description": "Subnet for use of GKE from us-central1-a zone",
            "external_ipv6_prefix": "",
            "fingerprint": null,
            "gateway_address": "10.242.0.1",
            "id": "projects/dt-sandbox-host-proj/regions/us-central1/subnetworks/avantia-infr-prod-gke-wecloud-cluster-pri-us-ce1-a-1",
            "internal_ipv6_prefix": "",
            "ip_cidr_range": "10.242.0.0/22",
            "ipv6_access_type": "",
            "ipv6_cidr_range": "",
            "log_config": [],
            "name": "avantia-infr-prod-gke-wecloud-cluster-pri-us-ce1-a-1",
            "network": "https://www.googleapis.com/compute/v1/projects/dt-sandbox-host-proj/global/networks/infra-dev",
            "private_ip_google_access": true,
            "private_ipv6_google_access": "DISABLE_GOOGLE_ACCESS",
            "project": "dt-sandbox-host-proj",
            "purpose": "PRIVATE",
            "region": "us-central1",
            "role": "",
            "secondary_ip_range": [
              {
                "ip_cidr_range": "10.242.4.0/22",
                "range_name": "wecloud-pods-range"
              },
              {
                "ip_cidr_range": "10.242.8.0/21",
                "range_name": "wecloud-services-range"
              },
              {
                "ip_cidr_range": "10.242.16.0/21",
                "range_name": "weava-pods-range"
              },
              {
                "ip_cidr_range": "10.242.24.0/22",
                "range_name": "wecloud-app-pods-range"
              },
              {
                "ip_cidr_range": "10.242.28.0/22",
                "range_name": "wecloud-classifiers-pods-range"
              },
              {
                "ip_cidr_range": "10.242.32.0/19",
                "range_name": "wecloud-box-pods-range"
              }
            ],
            "self_link": "https://www.googleapis.com/compute/v1/projects/dt-sandbox-host-proj/regions/us-central1/subnetworks/avantia-infr-prod-gke-wecloud-cluster-pri-us-ce1-a-1",
            "send_secondary_ip_range_if_empty": null,
            "stack_type": "IPV4_ONLY",
            "timeouts": null
          },
          "sensitive_attributes": [],
          "private": "eyJlMmJmYjczMC1lY2FhLTExZTYtOGY4OC0zNDM2M2JjN2M0YzAiOnsiY3JlYXRlIjoxMjAwMDAwMDAwMDAwLCJkZWxldGUiOjEyMDAwMDAwMDAwMDAsInVwZGF0ZSI6MTIwMDAwMDAwMDAwMH19",
          "dependencies": [
            "google_compute_network.vpc_network_avantia_dev"
          ]
        }
      ]
    },
    {
      "mode": "managed",
      "type": "local_file",
      "name": "prd_export_network",
      "provider": "provider[\"registry.terraform.io/hashicorp/local\"]",
      "instances": [
        {
          "schema_version": 0,
          "attributes": {
            "content": "{\"avantia_prd_vpc_id\":\"projects/dt-sandbox-host-proj/global/networks/infra-prd\",\"avantia_prd_vpc_self_link\":\"https://www.googleapis.com/compute/v1/projects/dt-sandbox-host-proj/global/networks/infra-prd\"}",
            "content_base64": null,
            "content_base64sha256": "zdlaMEdDHhem7cdygQRUsBzTuC8Vjm+oap7arLLBLD8=",
            "content_base64sha512": "DoNt3l9m5+RJ13zUVwb4JbJlD39p+X4Ca/3w9elIS6pg65KV0eqj3Bo9J3l1nvtMG4U/fTZRt0neHtPsCShYdg==",
            "content_md5": "aa4be4d0c780cd4471f924639fb93849",
            "content_sha1": "fd709d9c17e65893ce05878a700464a30677c370",
            "content_sha256": "cdd95a3047431e17a6edc772810454b01cd3b82f158e6fa86a9edaacb2c12c3f",
            "content_sha512": "0e836dde5f66e7e449d77cd45706f825b2650f7f69f97e026bfdf0f5e9484baa60eb9295d1eaa3dc1a3d2779759efb4c1b853f7d3651b749de1ed3ec09285876",
            "directory_permission": "0777",
            "file_permission": "0777",
            "filename": "../../local/prod_shared_vpc.json",
            "id": "fd709d9c17e65893ce05878a700464a30677c370",
            "sensitive_content": null,
            "source": null
          },
          "sensitive_attributes": [
            [
              {
                "type": "get_attr",
                "value": "sensitive_content"
              }
            ]
          ],
          "dependencies": [
            "google_compute_network.vpc_network_avantia_prd"
          ]
        }
      ]
    },
    {
      "mode": "managed",
      "type": "local_file",
      "name": "prd_export_network_dev",
      "provider": "provider[\"registry.terraform.io/hashicorp/local\"]",
      "instances": [
        {
          "schema_version": 0,
          "attributes": {
            "content": "{\"avantia_vpc_id\":\"projects/dt-sandbox-host-proj/global/networks/infra-dev\",\"avantia_vpc_self_link\":\"https://www.googleapis.com/compute/v1/projects/dt-sandbox-host-proj/global/networks/infra-dev\"}",
            "content_base64": null,
            "content_base64sha256": "NjFhinUn3OEKWzz1hRIZmZHQlGe3pysEZ5f49gN8Cxs=",
            "content_base64sha512": "JGrMcs4I2EZup6afk/KwQVfiBpNJr/fxbJPu0Aj7Q2YZvhdMr4Szj/WR/GmVhemvhjyWslqYgjg3DiT9jr/DiQ==",
            "content_md5": "a55474ee8be84d443e41e4253a23bbbd",
            "content_sha1": "9e0a23a814e75cd3735e5fc2acaa3e7dce88a62f",
            "content_sha256": "3631618a7527dce10a5b3cf58512199991d09467b7a72b046797f8f6037c0b1b",
            "content_sha512": "246acc72ce08d8466ea7a69f93f2b04157e2069349aff7f16c93eed008fb436619be174caf84b38ff591fc699585e9af863c96b25a988238370e24fd8ebfc389",
            "directory_permission": "0777",
            "file_permission": "0777",
            "filename": "../../local/lab_shared_vpc.json",
            "id": "9e0a23a814e75cd3735e5fc2acaa3e7dce88a62f",
            "sensitive_content": null,
            "source": null
          },
          "sensitive_attributes": [
            [
              {
                "type": "get_attr",
                "value": "sensitive_content"
              }
            ]
          ],
          "dependencies": [
            "google_compute_network.vpc_network_avantia_dev"
          ]
        }
      ]
    }
  ],
  "check_results": null
}
